
Microsoft Visual Studio Solution File, Format Version 12.00
# Visual Studio 2013
VisualStudioVersion = 12.0.21005.1
MinimumVisualStudioVersion = 10.0.40219.1
Project("{8BC9CEB8-8B4A-11D0-8D11-00A0C91BC942}") = "06-18完全数计算_扑克牌大小", "06-18完全数计算_扑克牌大小\06-18完全数计算_扑克牌大小.vcxproj", "{2D4AEDE6-5BA8-49F0-B489-261FA2E49B7E}"
EndProject
Global
	GlobalSection(SolutionConfigurationPlatforms) = preSolution
		Debug|Win32 = Debug|Win32
		Release|Win32 = Release|Win32
	EndGlobalSection
	GlobalSection(ProjectConfigurationPlatforms) = postSolution
		{2D4AEDE6-5BA8-49F0-B489-261FA2E49B7E}.Debug|Win32.ActiveCfg = Debug|Win32
		{2D4AEDE6-5BA8-49F0-B489-261FA2E49B7E}.Debug|Win32.Build.0 = Debug|Win32
		{2D4AEDE6-5BA8-49F0-B489-261FA2E49B7E}.Release|Win32.ActiveCfg = Release|Win32
		{2D4AEDE6-5BA8-49F0-B489-261FA2E49B7E}.Release|Win32.Build.0 = Release|Win32
	EndGlobalSection
	GlobalSection(SolutionProperties) = preSolution
		HideSolutionNode = FALSE
	EndGlobalSection
EndGlobal
